
Microsoft Visual Studio Solution File, Format Version 12.00
# Visual Studio 2013
VisualStudioVersion = 12.0.31101.0
MinimumVisualStudioVersion = 10.0.40219.1
Project("{FAE04EC0-301F-11D3-BF4B-00C04F79EFBC}") = "LITDucks", "LITDucks\LITDucks.csproj", "{1949DFE2-3775-491A-95BB-CDCB4651747A}"
EndProject
Project("{FAE04EC0-301F-11D3-BF4B-00C04F79EFBC}") = "LITDucks.Data", "LITDucks.Data\LITDucks.Data.csproj", "{79BA7D52-953F-4651-80A5-56B28332329C}"
EndProject
Global
	GlobalSection(SolutionConfigurationPlatforms) = preSolution
		Debug|Any CPU = Debug|Any CPU
		Release|Any CPU = Release|Any CPU
	EndGlobalSection
	GlobalSection(ProjectConfigurationPlatforms) = postSolution
		{1949DFE2-3775-491A-95BB-CDCB4651747A}.Debug|Any CPU.ActiveCfg = Debug|Any CPU
		{1949DFE2-3775-491A-95BB-CDCB4651747A}.Debug|Any CPU.Build.0 = Debug|Any CPU
		{1949DFE2-3775-491A-95BB-CDCB4651747A}.Release|Any CPU.ActiveCfg = Release|Any CPU
		{1949DFE2-3775-491A-95BB-CDCB4651747A}.Release|Any CPU.Build.0 = Release|Any CPU
		{79BA7D52-953F-4651-80A5-56B28332329C}.Debug|Any CPU.ActiveCfg = Debug|Any CPU
		{79BA7D52-953F-4651-80A5-56B28332329C}.Debug|Any CPU.Build.0 = Debug|Any CPU
		{79BA7D52-953F-4651-80A5-56B28332329C}.Release|Any CPU.ActiveCfg = Release|Any CPU
		{79BA7D52-953F-4651-80A5-56B28332329C}.Release|Any CPU.Build.0 = Release|Any CPU
	EndGlobalSection
	GlobalSection(SolutionProperties) = preSolution
		HideSolutionNode = FALSE
	EndGlobalSection
EndGlobal
